
Microsoft Visual Studio Solution File, Format Version 12.00
# Visual Studio Version 17
VisualStudioVersion = 17.13.35818.85
MinimumVisualStudioVersion = 10.0.40219.1
Project("{FAE04EC0-301F-11D3-BF4B-00C04F79EFBC}") = "RIKA IMBNIKA TEXTURER", "RIKA IMBNIKA TEXTURER.csproj", "{996E6332-EABB-4191-96C3-D0DC8FF2BDA7}"
EndProject
Global
	GlobalSection(SolutionConfigurationPlatforms) = preSolution
		Debug|Any CPU = Debug|Any CPU
		Release|Any CPU = Release|Any CPU
	EndGlobalSection
	GlobalSection(ProjectConfigurationPlatforms) = postSolution
		{996E6332-EABB-4191-96C3-D0DC8FF2BDA7}.Debug|Any CPU.ActiveCfg = Debug|Any CPU
		{996E6332-EABB-4191-96C3-D0DC8FF2BDA7}.Debug|Any CPU.Build.0 = Debug|Any CPU
		{996E6332-EABB-4191-96C3-D0DC8FF2BDA7}.Release|Any CPU.ActiveCfg = Release|Any CPU
		{996E6332-EABB-4191-96C3-D0DC8FF2BDA7}.Release|Any CPU.Build.0 = Release|Any CPU
	EndGlobalSection
	GlobalSection(SolutionProperties) = preSolution
		HideSolutionNode = FALSE
	EndGlobalSection
	GlobalSection(ExtensibilityGlobals) = postSolution
		SolutionGuid = {7077EB57-0CDA-4409-BB96-7A870D91D98F}
	EndGlobalSection
EndGlobal
